
Microsoft Visual Studio Solution File, Format Version 12.00
# Visual Studio 2012
Project("{F184B08F-C81C-45F6-A57F-5ABD9991F28F}") = "SinsDataConverter", "SinsDataConverter\SinsDataConverter.vbproj", "{F2E67D99-C41B-4E11-82B3-38F162C242F6}"
EndProject
Project("{54435603-DBB4-11D2-8724-00A0C9A8B90C}") = "SDCSetup", "SDCSetup\SDCSetup.vdproj", "{418B7A95-0CB4-47A5-A1CD-EA3D85DE2B33}"
EndProject
Project("{54435603-DBB4-11D2-8724-00A0C9A8B90C}") = "SDCSetupx64", "SDCSetupx64\SDCSetupx64.vdproj", "{CADA66F3-0498-4416-9354-F168F5C243F6}"
EndProject
Project("{6141683F-8A12-4E36-9623-2EB02B2C2303}") = "SDCSetupIS", "SDCSetupIS\SDCSetupIS.isproj", "{332C9BA8-AA7A-4BB3-8EE6-A06B0BFA7AEF}"
	ProjectSection(ProjectDependencies) = postProject
		{F2E67D99-C41B-4E11-82B3-38F162C242F6} = {F2E67D99-C41B-4E11-82B3-38F162C242F6}
	EndProjectSection
EndProject
Global
	GlobalSection(SolutionConfigurationPlatforms) = preSolution
		CD_ROM|Any CPU = CD_ROM|Any CPU
		CD_ROM|x64 = CD_ROM|x64
		CD_ROM|x86 = CD_ROM|x86
		Debug|Any CPU = Debug|Any CPU
		Debug|x64 = Debug|x64
		Debug|x86 = Debug|x86
		DVD-5|Any CPU = DVD-5|Any CPU
		DVD-5|x64 = DVD-5|x64
		DVD-5|x86 = DVD-5|x86
		Release|Any CPU = Release|Any CPU
		Release|x64 = Release|x64
		Release|x86 = Release|x86
		SingleImage|Any CPU = SingleImage|Any CPU
		SingleImage|x64 = SingleImage|x64
		SingleImage|x86 = SingleImage|x86
	EndGlobalSection
	GlobalSection(ProjectConfigurationPlatforms) = postSolution
		{F2E67D99-C41B-4E11-82B3-38F162C242F6}.CD_ROM|Any CPU.ActiveCfg = Release|Any CPU
		{F2E67D99-C41B-4E11-82B3-38F162C242F6}.CD_ROM|Any CPU.Build.0 = Release|Any CPU
		{F2E67D99-C41B-4E11-82B3-38F162C242F6}.CD_ROM|x64.ActiveCfg = Release|x64
		{F2E67D99-C41B-4E11-82B3-38F162C242F6}.CD_ROM|x64.Build.0 = Release|x64
		{F2E67D99-C41B-4E11-82B3-38F162C242F6}.CD_ROM|x86.ActiveCfg = Release|x86
		{F2E67D99-C41B-4E11-82B3-38F162C242F6}.CD_ROM|x86.Build.0 = Release|x86
		{F2E67D99-C41B-4E11-82B3-38F162C242F6}.Debug|Any CPU.ActiveCfg = Debug|Any CPU
		{F2E67D99-C41B-4E11-82B3-38F162C242F6}.Debug|Any CPU.Build.0 = Debug|Any CPU
		{F2E67D99-C41B-4E11-82B3-38F162C242F6}.Debug|x64.ActiveCfg = Debug|x64
		{F2E67D99-C41B-4E11-82B3-38F162C242F6}.Debug|x64.Build.0 = Debug|x64
		{F2E67D99-C41B-4E11-82B3-38F162C242F6}.Debug|x86.ActiveCfg = Debug|x86
		{F2E67D99-C41B-4E11-82B3-38F162C242F6}.Debug|x86.Build.0 = Debug|x86
		{F2E67D99-C41B-4E11-82B3-38F162C242F6}.DVD-5|Any CPU.ActiveCfg = Debug|Any CPU
		{F2E67D99-C41B-4E11-82B3-38F162C242F6}.DVD-5|Any CPU.Build.0 = Debug|Any CPU
		{F2E67D99-C41B-4E11-82B3-38F162C242F6}.DVD-5|x64.ActiveCfg = Debug|x64
		{F2E67D99-C41B-4E11-82B3-38F162C242F6}.DVD-5|x64.Build.0 = Debug|x64
		{F2E67D99-C41B-4E11-82B3-38F162C242F6}.DVD-5|x86.ActiveCfg = Debug|x86
		{F2E67D99-C41B-4E11-82B3-38F162C242F6}.DVD-5|x86.Build.0 = Debug|x86
		{F2E67D99-C41B-4E11-82B3-38F162C242F6}.Release|Any CPU.ActiveCfg = Release|Any CPU
		{F2E67D99-C41B-4E11-82B3-38F162C242F6}.Release|Any CPU.Build.0 = Release|Any CPU
		{F2E67D99-C41B-4E11-82B3-38F162C242F6}.Release|x64.ActiveCfg = Release|x64
		{F2E67D99-C41B-4E11-82B3-38F162C242F6}.Release|x64.Build.0 = Release|x64
		{F2E67D99-C41B-4E11-82B3-38F162C242F6}.Release|x86.ActiveCfg = Release|x64
		{F2E67D99-C41B-4E11-82B3-38F162C242F6}.Release|x86.Build.0 = Release|x64
		{F2E67D99-C41B-4E11-82B3-38F162C242F6}.SingleImage|Any CPU.ActiveCfg = Release|Any CPU
		{F2E67D99-C41B-4E11-82B3-38F162C242F6}.SingleImage|Any CPU.Build.0 = Release|Any CPU
		{F2E67D99-C41B-4E11-82B3-38F162C242F6}.SingleImage|x64.ActiveCfg = Release|x64
		{F2E67D99-C41B-4E11-82B3-38F162C242F6}.SingleImage|x64.Build.0 = Release|x64
		{F2E67D99-C41B-4E11-82B3-38F162C242F6}.SingleImage|x86.ActiveCfg = Release|x86
		{F2E67D99-C41B-4E11-82B3-38F162C242F6}.SingleImage|x86.Build.0 = Release|x86
		{418B7A95-0CB4-47A5-A1CD-EA3D85DE2B33}.CD_ROM|Any CPU.ActiveCfg = Release
		{418B7A95-0CB4-47A5-A1CD-EA3D85DE2B33}.CD_ROM|x64.ActiveCfg = Release
		{418B7A95-0CB4-47A5-A1CD-EA3D85DE2B33}.CD_ROM|x86.ActiveCfg = Release
		{418B7A95-0CB4-47A5-A1CD-EA3D85DE2B33}.Debug|Any CPU.ActiveCfg = Debug
		{418B7A95-0CB4-47A5-A1CD-EA3D85DE2B33}.Debug|Any CPU.Build.0 = Debug
		{418B7A95-0CB4-47A5-A1CD-EA3D85DE2B33}.Debug|x64.ActiveCfg = Debug
		{418B7A95-0CB4-47A5-A1CD-EA3D85DE2B33}.Debug|x64.Build.0 = Debug
		{418B7A95-0CB4-47A5-A1CD-EA3D85DE2B33}.Debug|x86.ActiveCfg = Debug
		{418B7A95-0CB4-47A5-A1CD-EA3D85DE2B33}.DVD-5|Any CPU.ActiveCfg = Debug
		{418B7A95-0CB4-47A5-A1CD-EA3D85DE2B33}.DVD-5|x64.ActiveCfg = Debug
		{418B7A95-0CB4-47A5-A1CD-EA3D85DE2B33}.DVD-5|x86.ActiveCfg = Debug
		{418B7A95-0CB4-47A5-A1CD-EA3D85DE2B33}.Release|Any CPU.ActiveCfg = Release
		{418B7A95-0CB4-47A5-A1CD-EA3D85DE2B33}.Release|Any CPU.Build.0 = Release
		{418B7A95-0CB4-47A5-A1CD-EA3D85DE2B33}.Release|x64.ActiveCfg = Release
		{418B7A95-0CB4-47A5-A1CD-EA3D85DE2B33}.Release|x64.Build.0 = Release
		{418B7A95-0CB4-47A5-A1CD-EA3D85DE2B33}.Release|x86.ActiveCfg = Release
		{418B7A95-0CB4-47A5-A1CD-EA3D85DE2B33}.Release|x86.Build.0 = Release
		{418B7A95-0CB4-47A5-A1CD-EA3D85DE2B33}.SingleImage|Any CPU.ActiveCfg = Release
		{418B7A95-0CB4-47A5-A1CD-EA3D85DE2B33}.SingleImage|x64.ActiveCfg = Release
		{418B7A95-0CB4-47A5-A1CD-EA3D85DE2B33}.SingleImage|x86.ActiveCfg = Release
		{CADA66F3-0498-4416-9354-F168F5C243F6}.CD_ROM|Any CPU.ActiveCfg = Release
		{CADA66F3-0498-4416-9354-F168F5C243F6}.CD_ROM|x64.ActiveCfg = Release
		{CADA66F3-0498-4416-9354-F168F5C243F6}.CD_ROM|x86.ActiveCfg = Release
		{CADA66F3-0498-4416-9354-F168F5C243F6}.Debug|Any CPU.ActiveCfg = Debug
		{CADA66F3-0498-4416-9354-F168F5C243F6}.Debug|Any CPU.Build.0 = Debug
		{CADA66F3-0498-4416-9354-F168F5C243F6}.Debug|x64.ActiveCfg = Debug
		{CADA66F3-0498-4416-9354-F168F5C243F6}.Debug|x86.ActiveCfg = Debug
		{CADA66F3-0498-4416-9354-F168F5C243F6}.DVD-5|Any CPU.ActiveCfg = Debug
		{CADA66F3-0498-4416-9354-F168F5C243F6}.DVD-5|x64.ActiveCfg = Debug
		{CADA66F3-0498-4416-9354-F168F5C243F6}.DVD-5|x86.ActiveCfg = Debug
		{CADA66F3-0498-4416-9354-F168F5C243F6}.Release|Any CPU.ActiveCfg = Release
		{CADA66F3-0498-4416-9354-F168F5C243F6}.Release|Any CPU.Build.0 = Release
		{CADA66F3-0498-4416-9354-F168F5C243F6}.Release|x64.ActiveCfg = Release
		{CADA66F3-0498-4416-9354-F168F5C243F6}.Release|x86.ActiveCfg = Release
		{CADA66F3-0498-4416-9354-F168F5C243F6}.Release|x86.Build.0 = Release
		{CADA66F3-0498-4416-9354-F168F5C243F6}.SingleImage|Any CPU.ActiveCfg = Release
		{CADA66F3-0498-4416-9354-F168F5C243F6}.SingleImage|x64.ActiveCfg = Release
		{CADA66F3-0498-4416-9354-F168F5C243F6}.SingleImage|x86.ActiveCfg = Release
		{332C9BA8-AA7A-4BB3-8EE6-A06B0BFA7AEF}.CD_ROM|Any CPU.ActiveCfg = CD_ROM
		{332C9BA8-AA7A-4BB3-8EE6-A06B0BFA7AEF}.CD_ROM|Any CPU.Build.0 = CD_ROM
		{332C9BA8-AA7A-4BB3-8EE6-A06B0BFA7AEF}.CD_ROM|x64.ActiveCfg = CD_ROM
		{332C9BA8-AA7A-4BB3-8EE6-A06B0BFA7AEF}.CD_ROM|x64.Build.0 = CD_ROM
		{332C9BA8-AA7A-4BB3-8EE6-A06B0BFA7AEF}.CD_ROM|x86.ActiveCfg = CD_ROM
		{332C9BA8-AA7A-4BB3-8EE6-A06B0BFA7AEF}.CD_ROM|x86.Build.0 = CD_ROM
		{332C9BA8-AA7A-4BB3-8EE6-A06B0BFA7AEF}.Debug|Any CPU.ActiveCfg = DVD-5
		{332C9BA8-AA7A-4BB3-8EE6-A06B0BFA7AEF}.Debug|Any CPU.Build.0 = DVD-5
		{332C9BA8-AA7A-4BB3-8EE6-A06B0BFA7AEF}.Debug|x64.ActiveCfg = DVD-5
		{332C9BA8-AA7A-4BB3-8EE6-A06B0BFA7AEF}.Debug|x64.Build.0 = DVD-5
		{332C9BA8-AA7A-4BB3-8EE6-A06B0BFA7AEF}.Debug|x86.ActiveCfg = DVD-5
		{332C9BA8-AA7A-4BB3-8EE6-A06B0BFA7AEF}.Debug|x86.Build.0 = DVD-5
		{332C9BA8-AA7A-4BB3-8EE6-A06B0BFA7AEF}.DVD-5|Any CPU.ActiveCfg = DVD-5
		{332C9BA8-AA7A-4BB3-8EE6-A06B0BFA7AEF}.DVD-5|Any CPU.Build.0 = DVD-5
		{332C9BA8-AA7A-4BB3-8EE6-A06B0BFA7AEF}.DVD-5|x64.ActiveCfg = DVD-5
		{332C9BA8-AA7A-4BB3-8EE6-A06B0BFA7AEF}.DVD-5|x64.Build.0 = DVD-5
		{332C9BA8-AA7A-4BB3-8EE6-A06B0BFA7AEF}.DVD-5|x86.ActiveCfg = DVD-5
		{332C9BA8-AA7A-4BB3-8EE6-A06B0BFA7AEF}.DVD-5|x86.Build.0 = DVD-5
		{332C9BA8-AA7A-4BB3-8EE6-A06B0BFA7AEF}.Release|Any CPU.ActiveCfg = SingleImage
		{332C9BA8-AA7A-4BB3-8EE6-A06B0BFA7AEF}.Release|Any CPU.Build.0 = SingleImage
		{332C9BA8-AA7A-4BB3-8EE6-A06B0BFA7AEF}.Release|x64.ActiveCfg = SingleImage
		{332C9BA8-AA7A-4BB3-8EE6-A06B0BFA7AEF}.Release|x64.Build.0 = SingleImage
		{332C9BA8-AA7A-4BB3-8EE6-A06B0BFA7AEF}.Release|x86.ActiveCfg = SingleImage
		{332C9BA8-AA7A-4BB3-8EE6-A06B0BFA7AEF}.Release|x86.Build.0 = SingleImage
		{332C9BA8-AA7A-4BB3-8EE6-A06B0BFA7AEF}.SingleImage|Any CPU.ActiveCfg = SingleImage
		{332C9BA8-AA7A-4BB3-8EE6-A06B0BFA7AEF}.SingleImage|Any CPU.Build.0 = SingleImage
		{332C9BA8-AA7A-4BB3-8EE6-A06B0BFA7AEF}.SingleImage|x64.ActiveCfg = SingleImage
		{332C9BA8-AA7A-4BB3-8EE6-A06B0BFA7AEF}.SingleImage|x64.Build.0 = SingleImage
		{332C9BA8-AA7A-4BB3-8EE6-A06B0BFA7AEF}.SingleImage|x86.ActiveCfg = SingleImage
		{332C9BA8-AA7A-4BB3-8EE6-A06B0BFA7AEF}.SingleImage|x86.Build.0 = SingleImage
	EndGlobalSection
	GlobalSection(SolutionProperties) = preSolution
		HideSolutionNode = FALSE
	EndGlobalSection
EndGlobal
